// !$*UTF8*$!
{
	archiveVersion = 1;
	classes = {
	};
	objectVersion = 46;
	objects = {

/* Begin PBXBuildFile section */
		03C047DF1CDB986000602401 /* main.m in Sources */ = {isa = PBXBuildFile; fileRef = 03C047DE1CDB986000602401 /* main.m */; };
		03C047E21CDB986000602401 /* AppDelegate.m in Sources */ = {isa = PBXBuildFile; fileRef = 03C047E11CDB986000602401 /* AppDelegate.m */; };
		03C047E51CDB986000602401 /* ViewController.m in Sources */ = {isa = PBXBuildFile; fileRef = 03C047E41CDB986000602401 /* ViewController.m */; };
		03C047E81CDB986000602401 /* Main.storyboard in Resources */ = {isa = PBXBuildFile; fileRef = 03C047E61CDB986000602401 /* Main.storyboard */; };
		03C047EA1CDB986000602401 /* Assets.xcassets in Resources */ = {isa = PBXBuildFile; fileRef = 03C047E91CDB986000602401 /* Assets.xcassets */; };
		03C047ED1CDB986000602401 /* LaunchScreen.storyboard in Resources */ = {isa = PBXBuildFile; fileRef = 03C047EB1CDB986000602401 /* LaunchScreen.storyboard */; };
		03C047F81CDB986100602401 /* SlidingSymmetryTests.m in Sources */ = {isa = PBXBuildFile; fileRef = 03C047F71CDB986100602401 /* SlidingSymmetryTests.m */; };
		03C048031CDB986100602401 /* SlidingSymmetryUITests.m in Sources */ = {isa = PBXBuildFile; fileRef = 03C048021CDB986100602401 /* SlidingSymmetryUITests.m */; };
		03C0487A1CE0109800602401 /* symmetry_09.png in Resources */ = {isa = PBXBuildFile; fileRef = 03C048751CE0109800602401 /* symmetry_09.png */; };
		03C0487B1CE0109800602401 /* symmetry_08.png in Resources */ = {isa = PBXBuildFile; fileRef = 03C048761CE0109800602401 /* symmetry_08.png */; };
		03C048801CE010BC00602401 /* symmetry_10.png in Resources */ = {isa = PBXBuildFile; fileRef = 03C0487F1CE010BC00602401 /* symmetry_10.png */; };
		03C048861CE010CA00602401 /* symmetry_15.png in Resources */ = {isa = PBXBuildFile; fileRef = 03C048811CE010CA00602401 /* symmetry_15.png */; };
		03C048871CE010CA00602401 /* symmetry_14.png in Resources */ = {isa = PBXBuildFile; fileRef = 03C048821CE010CA00602401 /* symmetry_14.png */; };
		03C048881CE010CA00602401 /* symmetry_13.png in Resources */ = {isa = PBXBuildFile; fileRef = 03C048831CE010CA00602401 /* symmetry_13.png */; };
		03C048891CE010CA00602401 /* symmetry_12.png in Resources */ = {isa = PBXBuildFile; fileRef = 03C048841CE010CA00602401 /* symmetry_12.png */; };
		03C0488A1CE010CA00602401 /* symmetry_11.png in Resources */ = {isa = PBXBuildFile; fileRef = 03C048851CE010CA00602401 /* symmetry_11.png */; };
		03C0488C1CE016A800602401 /* symmetry_00.png in Resources */ = {isa = PBXBuildFile; fileRef = 03C0488B1CE016A800602401 /* symmetry_00.png */; };
		03C0488E1CE016BC00602401 /* symmetry_01.png in Resources */ = {isa = PBXBuildFile; fileRef = 03C0488D1CE016BC00602401 /* symmetry_01.png */; };
		03C048901CE016C500602401 /* symmetry_02.png in Resources */ = {isa = PBXBuildFile; fileRef = 03C0488F1CE016C500602401 /* symmetry_02.png */; };
		03C048921CE016D100602401 /* symmetry_03.png in Resources */ = {isa = PBXBuildFile; fileRef = 03C048911CE016D100602401 /* symmetry_03.png */; };
		03C048941CE016DB00602401 /* symmetry_04.png in Resources */ = {isa = PBXBuildFile; fileRef = 03C048931CE016DB00602401 /* symmetry_04.png */; };
		03C048961CE016E200602401 /* symmetry_05.png in Resources */ = {isa = PBXBuildFile; fileRef = 03C048951CE016E200602401 /* symmetry_05.png */; };
		03C048981CE016EB00602401 /* symmetry_06.png in Resources */ = {isa = PBXBuildFile; fileRef = 03C048971CE016EB00602401 /* symmetry_06.png */; };
		03C0489A1CE0170000602401 /* symmetry_07.png in Resources */ = {isa = PBXBuildFile; fileRef = 03C048991CE016FF00602401 /* symmetry_07.png */; };
/* End PBXBuildFile section */

/* Begin PBXContainerItemProxy section */
		03C047F41CDB986100602401 /* PBXContainerItemProxy */ = {
			isa = PBXContainerItemProxy;
			containerPortal = 03C047D21CDB986000602401 /* Project object */;
			proxyType = 1;
			remoteGlobalIDString = 03C047D91CDB986000602401;
			remoteInfo = SlidingSymmetry;
		};
		03C047FF1CDB986100602401 /* PBXContainerItemProxy */ = {
			isa = PBXContainerItemProxy;
			containerPortal = 03C047D21CDB986000602401 /* Project object */;
			proxyType = 1;
			remoteGlobalIDString = 03C047D91CDB986000602401;
			remoteInfo = SlidingSymmetry;
		};
/* End PBXContainerItemProxy section */

/* Begin PBXFileReference section */
		03C047DA1CDB986000602401 /* SlidingSymmetry.app */ = {isa = PBXFileReference; explicitFileType = wrapper.application; includeInIndex = 0; path = SlidingSymmetry.app; sourceTree = BUILT_PRODUCTS_DIR; };
		03C047DE1CDB986000602401 /* main.m */ = {isa = PBXFileReference; lastKnownFileType = sourcecode.c.objc; path = main.m; sourceTree = "<group>"; };
		03C047E01CDB986000602401 /* AppDelegate.h */ = {isa = PBXFileReference; lastKnownFileType = sourcecode.c.h; path = AppDelegate.h; sourceTree = "<group>"; };
		03C047E11CDB986000602401 /* AppDelegate.m */ = {isa = PBXFileReference; lastKnownFileType = sourcecode.c.objc; path = AppDelegate.m; sourceTree = "<group>"; };
		03C047E31CDB986000602401 /* ViewController.h */ = {isa = PBXFileReference; lastKnownFileType = sourcecode.c.h; path = ViewController.h; sourceTree = "<group>"; };
		03C047E41CDB986000602401 /* ViewController.m */ = {isa = PBXFileReference; lastKnownFileType = sourcecode.c.objc; name = ViewController.m; path = SlidingSymmetry/ViewController.m; sourceTree = SOURCE_ROOT; };
		03C047E71CDB986000602401 /* Base */ = {isa = PBXFileReference; lastKnownFileType = file.storyboard; name = Base; path = Base.lproj/Main.storyboard; sourceTree = "<group>"; };
		03C047E91CDB986000602401 /* Assets.xcassets */ = {isa = PBXFileReference; lastKnownFileType = folder.assetcatalog; path = Assets.xcassets; sourceTree = "<group>"; };
		03C047EC1CDB986000602401 /* Base */ = {isa = PBXFileReference; lastKnownFileType = file.storyboard; name = Base; path = Base.lproj/LaunchScreen.storyboard; sourceTree = "<group>"; };
		03C047EE1CDB986000602401 /* Info.plist */ = {isa = PBXFileReference; lastKnownFileType = text.plist.xml; path = Info.plist; sourceTree = "<group>"; };
		03C047F31CDB986100602401 /* SlidingSymmetryTests.xctest */ = {isa = PBXFileReference; explicitFileType = wrapper.cfbundle; includeInIndex = 0; path = SlidingSymmetryTests.xctest; sourceTree = BUILT_PRODUCTS_DIR; };
		03C047F71CDB986100602401 /* SlidingSymmetryTests.m */ = {isa = PBXFileReference; lastKnownFileType = sourcecode.c.objc; path = SlidingSymmetryTests.m; sourceTree = "<group>"; };
		03C047F91CDB986100602401 /* Info.plist */ = {isa = PBXFileReference; lastKnownFileType = text.plist.xml; path = Info.plist; sourceTree = "<group>"; };
		03C047FE1CDB986100602401 /* SlidingSymmetryUITests.xctest */ = {isa = PBXFileReference; explicitFileType = wrapper.cfbundle; includeInIndex = 0; path = SlidingSymmetryUITests.xctest; sourceTree = BUILT_PRODUCTS_DIR; };
		03C048021CDB986100602401 /* SlidingSymmetryUITests.m */ = {isa = PBXFileReference; lastKnownFileType = sourcecode.c.objc; path = SlidingSymmetryUITests.m; sourceTree = "<group>"; };
		03C048041CDB986100602401 /* Info.plist */ = {isa = PBXFileReference; lastKnownFileType = text.plist.xml; path = Info.plist; sourceTree = "<group>"; };
		03C048751CE0109800602401 /* symmetry_09.png */ = {isa = PBXFileReference; lastKnownFileType = image.png; name = symmetry_09.png; path = ../../../../Downloads/symmetry_09.png; sourceTree = "<group>"; };
		03C048761CE0109800602401 /* symmetry_08.png */ = {isa = PBXFileReference; lastKnownFileType = image.png; name = symmetry_08.png; path = ../../../../Downloads/symmetry_08.png; sourceTree = "<group>"; };
		03C0487F1CE010BC00602401 /* symmetry_10.png */ = {isa = PBXFileReference; lastKnownFileType = image.png; name = symmetry_10.png; path = ../../../../Downloads/symmetry_10.png; sourceTree = "<group>"; };
		03C048811CE010CA00602401 /* symmetry_15.png */ = {isa = PBXFileReference; lastKnownFileType = image.png; name = symmetry_15.png; path = ../../../../Downloads/symmetry_15.png; sourceTree = "<group>"; };
		03C048821CE010CA00602401 /* symmetry_14.png */ = {isa = PBXFileReference; lastKnownFileType = image.png; name = symmetry_14.png; path = ../../../../Downloads/symmetry_14.png; sourceTree = "<group>"; };
		03C048831CE010CA00602401 /* symmetry_13.png */ = {isa = PBXFileReference; lastKnownFileType = image.png; name = symmetry_13.png; path = ../../../../Downloads/symmetry_13.png; sourceTree = "<group>"; };
		03C048841CE010CA00602401 /* symmetry_12.png */ = {isa = PBXFileReference; lastKnownFileType = image.png; name = symmetry_12.png; path = ../../../../Downloads/symmetry_12.png; sourceTree = "<group>"; };
		03C048851CE010CA00602401 /* symmetry_11.png */ = {isa = PBXFileReference; lastKnownFileType = image.png; name = symmetry_11.png; path = ../../../../Downloads/symmetry_11.png; sourceTree = "<group>"; };
		03C0488B1CE016A800602401 /* symmetry_00.png */ = {isa = PBXFileReference; lastKnownFileType = image.png; name = symmetry_00.png; path = ../../../../Downloads/symmetry_00.png; sourceTree = "<group>"; };
		03C0488D1CE016BC00602401 /* symmetry_01.png */ = {isa = PBXFileReference; lastKnownFileType = image.png; name = symmetry_01.png; path = ../../../../Downloads/symmetry_01.png; sourceTree = "<group>"; };
		03C0488F1CE016C500602401 /* symmetry_02.png */ = {isa = PBXFileReference; lastKnownFileType = image.png; name = symmetry_02.png; path = ../../../../Downloads/symmetry_02.png; sourceTree = "<group>"; };
		03C048911CE016D100602401 /* symmetry_03.png */ = {isa = PBXFileReference; lastKnownFileType = image.png; name = symmetry_03.png; path = ../../../../Downloads/symmetry_03.png; sourceTree = "<group>"; };
		03C048931CE016DB00602401 /* symmetry_04.png */ = {isa = PBXFileReference; lastKnownFileType = image.png; name = symmetry_04.png; path = ../../../../Downloads/symmetry_04.png; sourceTree = "<group>"; };
		03C048951CE016E200602401 /* symmetry_05.png */ = {isa = PBXFileReference; lastKnownFileType = image.png; name = symmetry_05.png; path = ../../../../Downloads/symmetry_05.png; sourceTree = "<group>"; };
		03C048971CE016EB00602401 /* symmetry_06.png */ = {isa = PBXFileReference; lastKnownFileType = image.png; name = symmetry_06.png; path = ../../../../Downloads/symmetry_06.png; sourceTree = "<group>"; };
		03C048991CE016FF00602401 /* symmetry_07.png */ = {isa = PBXFileReference; lastKnownFileType = image.png; name = symmetry_07.png; path = ../../../../Downloads/symmetry_07.png; sourceTree = "<group>"; };
/* End PBXFileReference section */

/* Begin PBXFrameworksBuildPhase section */
		03C047D71CDB986000602401 /* Frameworks */ = {
			isa = PBXFrameworksBuildPhase;
			buildActionMask = 2147483647;
			files = (
			);
			runOnlyForDeploymentPostprocessing = 0;
		};
		03C047F01CDB986100602401 /* Frameworks */ = {
			isa = PBXFrameworksBuildPhase;
			buildActionMask = 2147483647;
			files = (
			);
			runOnlyForDeploymentPostprocessing = 0;
		};
		03C047FB1CDB986100602401 /* Frameworks */ = {
			isa = PBXFrameworksBuildPhase;
			buildActionMask = 2147483647;
			files = (
			);
			runOnlyForDeploymentPostprocessing = 0;
		};
/* End PBXFrameworksBuildPhase section */

/* Begin PBXGroup section */
		03C047D11CDB986000602401 = {
			isa = PBXGroup;
			children = (
				03C047DC1CDB986000602401 /* SlidingSymmetry */,
				03C047F61CDB986100602401 /* SlidingSymmetryTests */,
				03C048011CDB986100602401 /* SlidingSymmetryUITests */,
				03C047DB1CDB986000602401 /* Products */,
			);
			sourceTree = "<group>";
		};
		03C047DB1CDB986000602401 /* Products */ = {
			isa = PBXGroup;
			children = (
				03C047DA1CDB986000602401 /* SlidingSymmetry.app */,
				03C047F31CDB986100602401 /* SlidingSymmetryTests.xctest */,
				03C047FE1CDB986100602401 /* SlidingSymmetryUITests.xctest */,
			);
			name = Products;
			sourceTree = "<group>";
		};
		03C047DC1CDB986000602401 /* SlidingSymmetry */ = {
			isa = PBXGroup;
			children = (
				03C0483E1CDFFF4E00602401 /* Images */,
				03C047E01CDB986000602401 /* AppDelegate.h */,
				03C047E11CDB986000602401 /* AppDelegate.m */,
				03C047E31CDB986000602401 /* ViewController.h */,
				03C047E41CDB986000602401 /* ViewController.m */,
				03C047E61CDB986000602401 /* Main.storyboard */,
				03C047E91CDB986000602401 /* Assets.xcassets */,
				03C047EB1CDB986000602401 /* LaunchScreen.storyboard */,
				03C047EE1CDB986000602401 /* Info.plist */,
				03C047DD1CDB986000602401 /* Supporting Files */,
			);
			path = SlidingSymmetry;
			sourceTree = "<group>";
		};
		03C047DD1CDB986000602401 /* Supporting Files */ = {
			isa = PBXGroup;
			children = (
				03C047DE1CDB986000602401 /* main.m */,
			);
			name = "Supporting Files";
			sourceTree = "<group>";
		};
		03C047F61CDB986100602401 /* SlidingSymmetryTests */ = {
			isa = PBXGroup;
			children = (
				03C047F71CDB986100602401 /* SlidingSymmetryTests.m */,
				03C047F91CDB986100602401 /* Info.plist */,
			);
			path = SlidingSymmetryTests;
			sourceTree = "<group>";
		};
		03C048011CDB986100602401 /* SlidingSymmetryUITests */ = {
			isa = PBXGroup;
			children = (
				03C048021CDB986100602401 /* SlidingSymmetryUITests.m */,
				03C048041CDB986100602401 /* Info.plist */,
			);
			path = SlidingSymmetryUITests;
			sourceTree = "<group>";
		};
		03C0483E1CDFFF4E00602401 /* Images */ = {
			isa = PBXGroup;
			children = (
				03C0488B1CE016A800602401 /* symmetry_00.png */,
				03C0488D1CE016BC00602401 /* symmetry_01.png */,
				03C0488F1CE016C500602401 /* symmetry_02.png */,
				03C048931CE016DB00602401 /* symmetry_04.png */,
				03C048911CE016D100602401 /* symmetry_03.png */,
				03C048951CE016E200602401 /* symmetry_05.png */,
				03C048971CE016EB00602401 /* symmetry_06.png */,
				03C048991CE016FF00602401 /* symmetry_07.png */,
				03C048761CE0109800602401 /* symmetry_08.png */,
				03C048751CE0109800602401 /* symmetry_09.png */,
				03C0487F1CE010BC00602401 /* symmetry_10.png */,
				03C048851CE010CA00602401 /* symmetry_11.png */,
				03C048841CE010CA00602401 /* symmetry_12.png */,
				03C048831CE010CA00602401 /* symmetry_13.png */,
				03C048821CE010CA00602401 /* symmetry_14.png */,
				03C048811CE010CA00602401 /* symmetry_15.png */,
			);
			name = Images;
			sourceTree = "<group>";
		};
/* End PBXGroup section */

/* Begin PBXNativeTarget section */
		03C047D91CDB986000602401 /* SlidingSymmetry */ = {
			isa = PBXNativeTarget;
			buildConfigurationList = 03C048071CDB986100602401 /* Build configuration list for PBXNativeTarget "SlidingSymmetry" */;
			buildPhases = (
				03C047D61CDB986000602401 /* Sources */,
				03C047D71CDB986000602401 /* Frameworks */,
				03C047D81CDB986000602401 /* Resources */,
			);
			buildRules = (
			);
			dependencies = (
			);
			name = SlidingSymmetry;
			productName = SlidingSymmetry;
			productReference = 03C047DA1CDB986000602401 /* SlidingSymmetry.app */;
			productType = "com.apple.product-type.application";
		};
		03C047F21CDB986100602401 /* SlidingSymmetryTests */ = {
			isa = PBXNativeTarget;
			buildConfigurationList = 03C0480A1CDB986100602401 /* Build configuration list for PBXNativeTarget "SlidingSymmetryTests" */;
			buildPhases = (
				03C047EF1CDB986100602401 /* Sources */,
				03C047F01CDB986100602401 /* Frameworks */,
				03C047F11CDB986100602401 /* Resources */,
			);
			buildRules = (
			);
			dependencies = (
				03C047F51CDB986100602401 /* PBXTargetDependency */,
			);
			name = SlidingSymmetryTests;
			productName = SlidingSymmetryTests;
			productReference = 03C047F31CDB986100602401 /* SlidingSymmetryTests.xctest */;
			productType = "com.apple.product-type.bundle.unit-test";
		};
		03C047FD1CDB986100602401 /* SlidingSymmetryUITests */ = {
			isa = PBXNativeTarget;
			buildConfigurationList = 03C0480D1CDB986100602401 /* Build configuration list for PBXNativeTarget "SlidingSymmetryUITests" */;
			buildPhases = (
				03C047FA1CDB986100602401 /* Sources */,
				03C047FB1CDB986100602401 /* Frameworks */,
				03C047FC1CDB986100602401 /* Resources */,
			);
			buildRules = (
			);
			dependencies = (
				03C048001CDB986100602401 /* PBXTargetDependency */,
			);
			name = SlidingSymmetryUITests;
			productName = SlidingSymmetryUITests;
			productReference = 03C047FE1CDB986100602401 /* SlidingSymmetryUITests.xctest */;
			productType = "com.apple.product-type.bundle.ui-testing";
		};
/* End PBXNativeTarget section */

/* Begin PBXProject section */
		03C047D21CDB986000602401 /* Project object */ = {
			isa = PBXProject;
			attributes = {
				LastUpgradeCheck = 0730;
				ORGANIZATIONNAME = "Diane Xie";
				TargetAttributes = {
					03C047D91CDB986000602401 = {
						CreatedOnToolsVersion = 7.3.1;
						DevelopmentTeam = K6H23B52LK;
					};
					03C047F21CDB986100602401 = {
						CreatedOnToolsVersion = 7.3.1;
						TestTargetID = 03C047D91CDB986000602401;
					};
					03C047FD1CDB986100602401 = {
						CreatedOnToolsVersion = 7.3.1;
						TestTargetID = 03C047D91CDB986000602401;
					};
				};
			};
			buildConfigurationList = 03C047D51CDB986000602401 /* Build configuration list for PBXProject "SlidingSymmetry" */;
			compatibilityVersion = "Xcode 3.2";
			developmentRegion = English;
			hasScannedForEncodings = 0;
			knownRegions = (
				en,
				Base,
			);
			mainGroup = 03C047D11CDB986000602401;
			productRefGroup = 03C047DB1CDB986000602401 /* Products */;
			projectDirPath = "";
			projectRoot = "";
			targets = (
				03C047D91CDB986000602401 /* SlidingSymmetry */,
				03C047F21CDB986100602401 /* SlidingSymmetryTests */,
				03C047FD1CDB986100602401 /* SlidingSymmetryUITests */,
			);
		};
/* End PBXProject section */

/* Begin PBXResourcesBuildPhase section */
		03C047D81CDB986000602401 /* Resources */ = {
			isa = PBXResourcesBuildPhase;
			buildActionMask = 2147483647;
			files = (
				03C048881CE010CA00602401 /* symmetry_13.png in Resources */,
				03C048871CE010CA00602401 /* symmetry_14.png in Resources */,
				03C047ED1CDB986000602401 /* LaunchScreen.storyboard in Resources */,
				03C048861CE010CA00602401 /* symmetry_15.png in Resources */,
				03C048901CE016C500602401 /* symmetry_02.png in Resources */,
				03C047EA1CDB986000602401 /* Assets.xcassets in Resources */,
				03C048921CE016D100602401 /* symmetry_03.png in Resources */,
				03C048981CE016EB00602401 /* symmetry_06.png in Resources */,
				03C0488C1CE016A800602401 /* symmetry_00.png in Resources */,
				03C048801CE010BC00602401 /* symmetry_10.png in Resources */,
				03C0488A1CE010CA00602401 /* symmetry_11.png in Resources */,
				03C048961CE016E200602401 /* symmetry_05.png in Resources */,
				03C0487A1CE0109800602401 /* symmetry_09.png in Resources */,
				03C0487B1CE0109800602401 /* symmetry_08.png in Resources */,
				03C047E81CDB986000602401 /* Main.storyboard in Resources */,
				03C048891CE010CA00602401 /* symmetry_12.png in Resources */,
				03C0488E1CE016BC00602401 /* symmetry_01.png in Resources */,
				03C0489A1CE0170000602401 /* symmetry_07.png in Resources */,
				03C048941CE016DB00602401 /* symmetry_04.png in Resources */,
			);
			runOnlyForDeploymentPostprocessing = 0;
		};
		03C047F11CDB986100602401 /* Resources */ = {
			isa = PBXResourcesBuildPhase;
			buildActionMask = 2147483647;
			files = (
			);
			runOnlyForDeploymentPostprocessing = 0;
		};
		03C047FC1CDB986100602401 /* Resources */ = {
			isa = PBXResourcesBuildPhase;
			buildActionMask = 2147483647;
			files = (
			);
			runOnlyForDeploymentPostprocessing = 0;
		};
/* End PBXResourcesBuildPhase section */

/* Begin PBXSourcesBuildPhase section */
		03C047D61CDB986000602401 /* Sources */ = {
			isa = PBXSourcesBuildPhase;
			buildActionMask = 2147483647;
			files = (
				03C047E51CDB986000602401 /* ViewController.m in Sources */,
				03C047E21CDB986000602401 /* AppDelegate.m in Sources */,
				03C047DF1CDB986000602401 /* main.m in Sources */,
			);
			runOnlyForDeploymentPostprocessing = 0;
		};
		03C047EF1CDB986100602401 /* Sources */ = {
			isa = PBXSourcesBuildPhase;
			buildActionMask = 2147483647;
			files = (
				03C047F81CDB986100602401 /* SlidingSymmetryTests.m in Sources */,
			);
			runOnlyForDeploymentPostprocessing = 0;
		};
		03C047FA1CDB986100602401 /* Sources */ = {
			isa = PBXSourcesBuildPhase;
			buildActionMask = 2147483647;
			files = (
				03C048031CDB986100602401 /* SlidingSymmetryUITests.m in Sources */,
			);
			runOnlyForDeploymentPostprocessing = 0;
		};
/* End PBXSourcesBuildPhase section */

/* Begin PBXTargetDependency section */
		03C047F51CDB986100602401 /* PBXTargetDependency */ = {
			isa = PBXTargetDependency;
			target = 03C047D91CDB986000602401 /* SlidingSymmetry */;
			targetProxy = 03C047F41CDB986100602401 /* PBXContainerItemProxy */;
		};
		03C048001CDB986100602401 /* PBXTargetDependency */ = {
			isa = PBXTargetDependency;
			target = 03C047D91CDB986000602401 /* SlidingSymmetry */;
			targetProxy = 03C047FF1CDB986100602401 /* PBXContainerItemProxy */;
		};
/* End PBXTargetDependency section */

/* Begin PBXVariantGroup section */
		03C047E61CDB986000602401 /* Main.storyboard */ = {
			isa = PBXVariantGroup;
			children = (
				03C047E71CDB986000602401 /* Base */,
			);
			name = Main.storyboard;
			sourceTree = "<group>";
		};
		03C047EB1CDB986000602401 /* LaunchScreen.storyboard */ = {
			isa = PBXVariantGroup;
			children = (
				03C047EC1CDB986000602401 /* Base */,
			);
			name = LaunchScreen.storyboard;
			sourceTree = "<group>";
		};
/* End PBXVariantGroup section */

/* Begin XCBuildConfiguration section */
		03C048051CDB986100602401 /* Debug */ = {
			isa = XCBuildConfiguration;
			buildSettings = {
				ALWAYS_SEARCH_USER_PATHS = NO;
				CLANG_ANALYZER_NONNULL = YES;
				CLANG_CXX_LANGUAGE_STANDARD = "gnu++0x";
				CLANG_CXX_LIBRARY = "libc++";
				CLANG_ENABLE_MODULES = YES;
				CLANG_ENABLE_OBJC_ARC = YES;
				CLANG_WARN_BOOL_CONVERSION = YES;
				CLANG_WARN_CONSTANT_CONVERSION = YES;
				CLANG_WARN_DIRECT_OBJC_ISA_USAGE = YES_ERROR;
				CLANG_WARN_EMPTY_BODY = YES;
				CLANG_WARN_ENUM_CONVERSION = YES;
				CLANG_WARN_INT_CONVERSION = YES;
				CLANG_WARN_OBJC_ROOT_CLASS = YES_ERROR;
				CLANG_WARN_UNREACHABLE_CODE = YES;
				CLANG_WARN__DUPLICATE_METHOD_MATCH = YES;
				"CODE_SIGN_IDENTITY[sdk=iphoneos*]" = "iPhone Developer";
				COPY_PHASE_STRIP = NO;
				DEBUG_INFORMATION_FORMAT = dwarf;
				ENABLE_STRICT_OBJC_MSGSEND = YES;
				ENABLE_TESTABILITY = YES;
				GCC_C_LANGUAGE_STANDARD = gnu99;
				GCC_DYNAMIC_NO_PIC = NO;
				GCC_NO_COMMON_BLOCKS = YES;
				GCC_OPTIMIZATION_LEVEL = 0;
				GCC_PREPROCESSOR_DEFINITIONS = (
					"DEBUG=1",
					"$(inherited)",
				);
				GCC_WARN_64_TO_32_BIT_CONVERSION = YES;
				GCC_WARN_ABOUT_RETURN_TYPE = YES_ERROR;
				GCC_WARN_UNDECLARED_SELECTOR = YES;
				GCC_WARN_UNINITIALIZED_AUTOS = YES_AGGRESSIVE;
				GCC_WARN_UNUSED_FUNCTION = YES;
				GCC_WARN_UNUSED_VARIABLE = YES;
				IPHONEOS_DEPLOYMENT_TARGET = 9.3;
				MTL_ENABLE_DEBUG_INFO = YES;
				ONLY_ACTIVE_ARCH = YES;
				SDKROOT = iphoneos;
				TARGETED_DEVICE_FAMILY = "1,2";
			};
			name = Debug;
		};
		03C048061CDB986100602401 /* Release */ = {
			isa = XCBuildConfiguration;
			buildSettings = {
				ALWAYS_SEARCH_USER_PATHS = NO;
				CLANG_ANALYZER_NONNULL = YES;
				CLANG_CXX_LANGUAGE_STANDARD = "gnu++0x";
				CLANG_CXX_LIBRARY = "libc++";
				CLANG_ENABLE_MODULES = YES;
				CLANG_ENABLE_OBJC_ARC = YES;
				CLANG_WARN_BOOL_CONVERSION = YES;
				CLANG_WARN_CONSTANT_CONVERSION = YES;
				CLANG_WARN_DIRECT_OBJC_ISA_USAGE = YES_ERROR;
				CLANG_WARN_EMPTY_BODY = YES;
				CLANG_WARN_ENUM_CONVERSION = YES;
				CLANG_WARN_INT_CONVERSION = YES;
				CLANG_WARN_OBJC_ROOT_CLASS = YES_ERROR;
				CLANG_WARN_UNREACHABLE_CODE = YES;
				CLANG_WARN__DUPLICATE_METHOD_MATCH = YES;
				"CODE_SIGN_IDENTITY[sdk=iphoneos*]" = "iPhone Developer";
				COPY_PHASE_STRIP = NO;
				DEBUG_INFORMATION_FORMAT = "dwarf-with-dsym";
				ENABLE_NS_ASSERTIONS = NO;
				ENABLE_STRICT_OBJC_MSGSEND = YES;
				GCC_C_LANGUAGE_STANDARD = gnu99;
				GCC_NO_COMMON_BLOCKS = YES;
				GCC_WARN_64_TO_32_BIT_CONVERSION = YES;
				GCC_WARN_ABOUT_RETURN_TYPE = YES_ERROR;
				GCC_WARN_UNDECLARED_SELECTOR = YES;
				GCC_WARN_UNINITIALIZED_AUTOS = YES_AGGRESSIVE;
				GCC_WARN_UNUSED_FUNCTION = YES;
				GCC_WARN_UNUSED_VARIABLE = YES;
				IPHONEOS_DEPLOYMENT_TARGET = 9.3;
				MTL_ENABLE_DEBUG_INFO = NO;
				SDKROOT = iphoneos;
				TARGETED_DEVICE_FAMILY = "1,2";
				VALIDATE_PRODUCT = YES;
			};
			name = Release;
		};
		03C048081CDB986100602401 /* Debug */ = {
			isa = XCBuildConfiguration;
			buildSettings = {
				ASSETCATALOG_COMPILER_APPICON_NAME = AppIcon;
				CLANG_ADDRESS_SANITIZER_CONTAINER_OVERFLOW = YES;
				CODE_SIGN_IDENTITY = "iPhone Developer";
				"CODE_SIGN_IDENTITY[sdk=iphoneos*]" = "iPhone Developer";
				EMBEDDED_CONTENT_CONTAINS_SWIFT = YES;
				GENERATE_PROFILING_CODE = YES;
				INFOPLIST_FILE = SlidingSymmetry/Info.plist;
				LD_RUNPATH_SEARCH_PATHS = "$(inherited) @executable_path/Frameworks";
				PRODUCT_BUNDLE_IDENTIFIER = com.calcproject.SlidingSymmetry;
				PRODUCT_NAME = "$(TARGET_NAME)";
				PROVISIONING_PROFILE = "";
				TARGETED_DEVICE_FAMILY = "1,2";
			};
			name = Debug;
		};
		03C048091CDB986100602401 /* Release */ = {
			isa = XCBuildConfiguration;
			buildSettings = {
				ASSETCATALOG_COMPILER_APPICON_NAME = AppIcon;
				CLANG_ADDRESS_SANITIZER_CONTAINER_OVERFLOW = YES;
				CODE_SIGN_IDENTITY = "iPhone Developer";
				"CODE_SIGN_IDENTITY[sdk=iphoneos*]" = "iPhone Developer";
				EMBEDDED_CONTENT_CONTAINS_SWIFT = YES;
				ENABLE_NS_ASSERTIONS = YES;
				ENABLE_TESTABILITY = YES;
				GENERATE_PROFILING_CODE = YES;
				INFOPLIST_FILE = SlidingSymmetry/Info.plist;
				LD_RUNPATH_SEARCH_PATHS = "$(inherited) @executable_path/Frameworks";
				MTL_ENABLE_DEBUG_INFO = YES;
				ONLY_ACTIVE_ARCH = YES;
				PRODUCT_BUNDLE_IDENTIFIER = com.calcproject.SlidingSymmetry;
				PRODUCT_NAME = "$(TARGET_NAME)";
				PROVISIONING_PROFILE = "";
				TARGETED_DEVICE_FAMILY = "1,2";
			};
			name = Release;
		};
		03C0480B1CDB986100602401 /* Debug */ = {
			isa = XCBuildConfiguration;
			buildSettings = {
				BUNDLE_LOADER = "$(TEST_HOST)";
				INFOPLIST_FILE = SlidingSymmetryTests/Info.plist;
				LD_RUNPATH_SEARCH_PATHS = "$(inherited) @executable_path/Frameworks @loader_path/Frameworks";
				PRODUCT_BUNDLE_IDENTIFIER = com.calcproject.SlidingSymmetryTests;
				PRODUCT_NAME = "$(TARGET_NAME)";
				TEST_HOST = "$(BUILT_PRODUCTS_DIR)/SlidingSymmetry.app/SlidingSymmetry";
			};
			name = Debug;
		};
		03C0480C1CDB986100602401 /* Release */ = {
			isa = XCBuildConfiguration;
			buildSettings = {
				BUNDLE_LOADER = "$(TEST_HOST)";
				INFOPLIST_FILE = SlidingSymmetryTests/Info.plist;
				LD_RUNPATH_SEARCH_PATHS = "$(inherited) @executable_path/Frameworks @loader_path/Frameworks";
				PRODUCT_BUNDLE_IDENTIFIER = com.calcproject.SlidingSymmetryTests;
				PRODUCT_NAME = "$(TARGET_NAME)";
				TEST_HOST = "$(BUILT_PRODUCTS_DIR)/SlidingSymmetry.app/SlidingSymmetry";
			};
			name = Release;
		};
		03C0480E1CDB986100602401 /* Debug */ = {
			isa = XCBuildConfiguration;
			buildSettings = {
				INFOPLIST_FILE = SlidingSymmetryUITests/Info.plist;
				LD_RUNPATH_SEARCH_PATHS = "$(inherited) @executable_path/Frameworks @loader_path/Frameworks";
				PRODUCT_BUNDLE_IDENTIFIER = com.calcproject.SlidingSymmetryUITests;
				PRODUCT_NAME = "$(TARGET_NAME)";
				TEST_TARGET_NAME = SlidingSymmetry;
			};
			name = Debug;
		};
		03C0480F1CDB986100602401 /* Release */ = {
			isa = XCBuildConfiguration;
			buildSettings = {
				INFOPLIST_FILE = SlidingSymmetryUITests/Info.plist;
				LD_RUNPATH_SEARCH_PATHS = "$(inherited) @executable_path/Frameworks @loader_path/Frameworks";
				PRODUCT_BUNDLE_IDENTIFIER = com.calcproject.SlidingSymmetryUITests;
				PRODUCT_NAME = "$(TARGET_NAME)";
				TEST_TARGET_NAME = SlidingSymmetry;
			};
			name = Release;
		};
/* End XCBuildConfiguration section */

/* Begin XCConfigurationList section */
		03C047D51CDB986000602401 /* Build configuration list for PBXProject "SlidingSymmetry" */ = {
			isa = XCConfigurationList;
			buildConfigurations = (
				03C048051CDB986100602401 /* Debug */,
				03C048061CDB986100602401 /* Release */,
			);
			defaultConfigurationIsVisible = 0;
			defaultConfigurationName = Release;
		};
		03C048071CDB986100602401 /* Build configuration list for PBXNativeTarget "SlidingSymmetry" */ = {
			isa = XCConfigurationList;
			buildConfigurations = (
				03C048081CDB986100602401 /* Debug */,
				03C048091CDB986100602401 /* Release */,
			);
			defaultConfigurationIsVisible = 0;
			defaultConfigurationName = Release;
		};
		03C0480A1CDB986100602401 /* Build configuration list for PBXNativeTarget "SlidingSymmetryTests" */ = {
			isa = XCConfigurationList;
			buildConfigurations = (
				03C0480B1CDB986100602401 /* Debug */,
				03C0480C1CDB986100602401 /* Release */,
			);
			defaultConfigurationIsVisible = 0;
			defaultConfigurationName = Release;
		};
		03C0480D1CDB986100602401 /* Build configuration list for PBXNativeTarget "SlidingSymmetryUITests" */ = {
			isa = XCConfigurationList;
			buildConfigurations = (
				03C0480E1CDB986100602401 /* Debug */,
				03C0480F1CDB986100602401 /* Release */,
			);
			defaultConfigurationIsVisible = 0;
			defaultConfigurationName = Release;
		};
/* End XCConfigurationList section */
	};
	rootObject = 03C047D21CDB986000602401 /* Project object */;
}
